
Microsoft Visual Studio Solution File, Format Version 12.00
# Visual Studio 15
VisualStudioVersion = 15.0.27428.2015
MinimumVisualStudioVersion = 10.0.40219.1
Project("{9A19103F-16F7-4668-BE54-9A1E7A4F7556}") = "App.Core", "App.Core\App.Core.csproj", "{DCC46B3F-DEEA-4FAC-9975-168713DC55C5}"
EndProject
Project("{9A19103F-16F7-4668-BE54-9A1E7A4F7556}") = "App.Common", "App.Common\App.Common.csproj", "{31950C0A-E799-4BFB-9DA7-811797941109}"
EndProject
Project("{9A19103F-16F7-4668-BE54-9A1E7A4F7556}") = "App.Data.Model", "App.Data.Model\App.Data.Model.csproj", "{63558C34-5593-46F1-B377-24257BF76E80}"
EndProject
Project("{9A19103F-16F7-4668-BE54-9A1E7A4F7556}") = "App.Data", "App.Data\App.Data.csproj", "{CA3A0955-16D4-460A-9DAB-0CC2C657239D}"
EndProject
Project("{9A19103F-16F7-4668-BE54-9A1E7A4F7556}") = "App.Api", "App.Api\App.Api.csproj", "{3A5AA1BE-FD27-42F3-8DA2-F20F5A01C8D5}"
EndProject
Global
	GlobalSection(SolutionConfigurationPlatforms) = preSolution
		Debug|Any CPU = Debug|Any CPU
		Release|Any CPU = Release|Any CPU
	EndGlobalSection
	GlobalSection(ProjectConfigurationPlatforms) = postSolution
		{DCC46B3F-DEEA-4FAC-9975-168713DC55C5}.Debug|Any CPU.ActiveCfg = Debug|Any CPU
		{DCC46B3F-DEEA-4FAC-9975-168713DC55C5}.Debug|Any CPU.Build.0 = Debug|Any CPU
		{DCC46B3F-DEEA-4FAC-9975-168713DC55C5}.Release|Any CPU.ActiveCfg = Release|Any CPU
		{DCC46B3F-DEEA-4FAC-9975-168713DC55C5}.Release|Any CPU.Build.0 = Release|Any CPU
		{31950C0A-E799-4BFB-9DA7-811797941109}.Debug|Any CPU.ActiveCfg = Debug|Any CPU
		{31950C0A-E799-4BFB-9DA7-811797941109}.Debug|Any CPU.Build.0 = Debug|Any CPU
		{31950C0A-E799-4BFB-9DA7-811797941109}.Release|Any CPU.ActiveCfg = Release|Any CPU
		{31950C0A-E799-4BFB-9DA7-811797941109}.Release|Any CPU.Build.0 = Release|Any CPU
		{63558C34-5593-46F1-B377-24257BF76E80}.Debug|Any CPU.ActiveCfg = Debug|Any CPU
		{63558C34-5593-46F1-B377-24257BF76E80}.Debug|Any CPU.Build.0 = Debug|Any CPU
		{63558C34-5593-46F1-B377-24257BF76E80}.Release|Any CPU.ActiveCfg = Release|Any CPU
		{63558C34-5593-46F1-B377-24257BF76E80}.Release|Any CPU.Build.0 = Release|Any CPU
		{CA3A0955-16D4-460A-9DAB-0CC2C657239D}.Debug|Any CPU.ActiveCfg = Debug|Any CPU
		{CA3A0955-16D4-460A-9DAB-0CC2C657239D}.Debug|Any CPU.Build.0 = Debug|Any CPU
		{CA3A0955-16D4-460A-9DAB-0CC2C657239D}.Release|Any CPU.ActiveCfg = Release|Any CPU
		{CA3A0955-16D4-460A-9DAB-0CC2C657239D}.Release|Any CPU.Build.0 = Release|Any CPU
		{3A5AA1BE-FD27-42F3-8DA2-F20F5A01C8D5}.Debug|Any CPU.ActiveCfg = Debug|Any CPU
		{3A5AA1BE-FD27-42F3-8DA2-F20F5A01C8D5}.Debug|Any CPU.Build.0 = Debug|Any CPU
		{3A5AA1BE-FD27-42F3-8DA2-F20F5A01C8D5}.Release|Any CPU.ActiveCfg = Release|Any CPU
		{3A5AA1BE-FD27-42F3-8DA2-F20F5A01C8D5}.Release|Any CPU.Build.0 = Release|Any CPU
	EndGlobalSection
	GlobalSection(SolutionProperties) = preSolution
		HideSolutionNode = FALSE
	EndGlobalSection
	GlobalSection(ExtensibilityGlobals) = postSolution
		SolutionGuid = {D27D6D50-B8A8-4FE5-915C-037FFFBF38A4}
	EndGlobalSection
EndGlobal
